lockfileVersion: '9.0'

settings:
  autoInstallPeers: true
  excludeLinksFromLockfile: false

importers:

  .:
    dependencies:
      pnpm:
        specifier: ^10.0.0
        version: 10.0.0
      typescript:
        specifier: ^5.7.3
        version: 5.7.3

packages:

  pnpm@10.0.0:
    resolution: {integrity: sha512-uP71SUvT/ky9Ttq9B0XfLuW+PksLiwj6ZDqj5MZwLMwPANaPqKjJhYpzWgAySFpEmQ7SgQUmyHXkFvABsX3xKw==}
    engines: {node: '>=18.12'}
    hasBin: true

  typescript@5.7.3:
    resolution: {integrity: sha512-84MVSjMEHP+FQRPy3pX9sTVV/INIex71s9TL2Gm5FG/WG1SqXeKyZ0k7/blY/4FdOzI12CBy1vGc4og/eus0fw==}
    engines: {node: '>=14.17'}
    hasBin: true

snapshots:

  pnpm@10.0.0: {}

  typescript@5.7.3: {}
