# This file is automatically @generated by Poetry 1.6.1 and should not be changed by hand.

[[package]]
name = "nose2"
version = "0.14.0"
description = "unittest with plugins"
optional = false
python-versions = ">=3.8"
files = [
    {file = "nose2-0.14.0-py3-none-any.whl", hash = "sha256:86993e9243c744df29c1ec237aecee33e2f59abb4bdd25a313f2e806b99228a1"},
    {file = "nose2-0.14.0.tar.gz", hash = "sha256:5c28d770a0b9a702862bd6c3755ba2cd2f7994dd518c982e5ce298d7f37466a4"},
]

[package.extras]
coverage-plugin = ["coverage"]
dev = ["Sphinx", "sphinx-issues", "sphinx-rtd-theme"]

[metadata]
lock-version = "2.0"
python-versions = "^3.11"
content-hash = "6d29b1f72c15bf77122b13cedf6c5bf4f9a64fe0770bb992e83f335194acd515"
